{
	"name": "n-way-diff",
	"version": "0.1.0",
	"lockfileVersion": 1,
	"requires": true,
	"dependencies": {
		"ansi-escapes": {
			"version": "1.4.0",
			"resolved": "https://nexus.apps.seibert-media.net/nexus/repository/npm-public/ansi-escapes/-/ansi-escapes-1.4.0.tgz",
			"integrity": "sha1-06ioOzGapneTZisT52HHkRQiMG4="
		},
		"ansi-regex": {
			"version": "2.1.1",
			"resolved": "https://nexus.apps.seibert-media.net/nexus/repository/npm-public/ansi-regex/-/ansi-regex-2.1.1.tgz",
			"integrity": "sha1-w7M6te42DYbg5ijwRorn7yfWVN8="
		},
		"ansi-styles": {
			"version": "4.3.0",
			"resolved": "https://nexus.apps.seibert-media.net/nexus/repository/npm-public/ansi-styles/-/ansi-styles-4.3.0.tgz",
			"integrity": "sha512-zbB9rCJAT1rbjiVDb2hqKFHNYLxgtk8NURxZ3IZwD3F6NtxbXZQCnnSi1Lkx+IDohdPlFp222wVALIheZJQSEg==",
			"requires": {
				"color-convert": "^2.0.1"
			}
		},
		"babel-polyfill": {
			"version": "6.26.0",
			"resolved": "https://nexus.apps.seibert-media.net/nexus/repository/npm-public/babel-polyfill/-/babel-polyfill-6.26.0.tgz",
			"integrity": "sha1-N5k3q8Z9eJWXCtxiHyhM2WbPIVM=",
			"requires": {
				"babel-runtime": "^6.26.0",
				"core-js": "^2.5.0",
				"regenerator-runtime": "^0.10.5"
			}
		},
		"babel-runtime": {
			"version": "6.26.0",
			"resolved": "https://nexus.apps.seibert-media.net/nexus/repository/npm-public/babel-runtime/-/babel-runtime-6.26.0.tgz",
			"integrity": "sha1-llxwWGaOgrVde/4E/yM3vItWR/4=",
			"requires": {
				"core-js": "^2.4.0",
				"regenerator-runtime": "^0.11.0"
			},
			"dependencies": {
				"regenerator-runtime": {
					"version": "0.11.1",
					"resolved": "https://nexus.apps.seibert-media.net/nexus/repository/npm-public/regenerator-runtime/-/regenerator-runtime-0.11.1.tgz",
					"integrity": "sha512-MguG95oij0fC3QV3URf4V2SDYGJhJnJGqvIIgdECeODCT98wSWDAJ94SSuVpYQUoTcGUIL6L4yNB7j1DFFHSBg=="
				}
			}
		},
		"balanced-match": {
			"version": "1.0.2",
			"resolved": "https://nexus.apps.seibert-media.net/nexus/repository/npm-public/balanced-match/-/balanced-match-1.0.2.tgz",
			"integrity": "sha512-3oSeUO0TMV67hN1AmbXsK4yaqU7tjiHlbxRDZOpH0KW9+CeX4bRAaX0Anxt0tx2MrpRpWwQaPwIlISEJhYU5Pw=="
		},
		"brace-expansion": {
			"version": "1.1.11",
			"resolved": "https://nexus.apps.seibert-media.net/nexus/repository/npm-public/brace-expansion/-/brace-expansion-1.1.11.tgz",
			"integrity": "sha512-iCuPHDFgrHX7H2vEI/5xpz07zSHB00TpugqhmYtVmMO6518mCuRMoOYFldEBl0g187ufozdaHgWKcYFb61qGiA==",
			"requires": {
				"balanced-match": "^1.0.0",
				"concat-map": "0.0.1"
			}
		},
		"buffer-equal": {
			"version": "1.0.0",
			"resolved": "https://nexus.apps.seibert-media.net/nexus/repository/npm-public/buffer-equal/-/buffer-equal-1.0.0.tgz",
			"integrity": "sha1-WWFrSYME1Var1GaWayLu2j7KX74="
		},
		"chalk": {
			"version": "4.1.1",
			"resolved": "https://nexus.apps.seibert-media.net/nexus/repository/npm-public/chalk/-/chalk-4.1.1.tgz",
			"integrity": "sha512-diHzdDKxcU+bAsUboHLPEDQiw0qEe0qd7SYUn3HgcFlWgbDcfLGswOHYeGrHKzG9z6UYf01d9VFMfZxPM1xZSg==",
			"requires": {
				"ansi-styles": "^4.1.0",
				"supports-color": "^7.1.0"
			}
		},
		"cli-cursor": {
			"version": "1.0.2",
			"resolved": "https://nexus.apps.seibert-media.net/nexus/repository/npm-public/cli-cursor/-/cli-cursor-1.0.2.tgz",
			"integrity": "sha1-ZNo/fValRBLll5S9Ytw1KV6PKYc=",
			"requires": {
				"restore-cursor": "^1.0.1"
			}
		},
		"cli-width": {
			"version": "1.1.1",
			"resolved": "https://nexus.apps.seibert-media.net/nexus/repository/npm-public/cli-width/-/cli-width-1.1.1.tgz",
			"integrity": "sha1-pNKT72frt7iNSk1CwMzwDE0eNm0="
		},
		"code-point-at": {
			"version": "1.1.0",
			"resolved": "https://nexus.apps.seibert-media.net/nexus/repository/npm-public/code-point-at/-/code-point-at-1.1.0.tgz",
			"integrity": "sha1-DQcLTQQ6W+ozovGkDi7bPZpMz3c="
		},
		"color-convert": {
			"version": "2.0.1",
			"resolved": "https://nexus.apps.seibert-media.net/nexus/repository/npm-public/color-convert/-/color-convert-2.0.1.tgz",
			"integrity": "sha512-RRECPsj7iu/xb5oKYcsFHSppFNnsj/52OVTRKb4zP5onXwVF3zVmmToNcOfGC+CRDpfK/U584fMg38ZHCaElKQ==",
			"requires": {
				"color-name": "~1.1.4"
			}
		},
		"color-name": {
			"version": "1.1.4",
			"resolved": "https://nexus.apps.seibert-media.net/nexus/repository/npm-public/color-name/-/color-name-1.1.4.tgz",
			"integrity": "sha512-dOy+3AuW3a2wNbZHIuMZpTcgjGuLU/uBL/ubcZF9OXbDo8ff4O8yVp5Bf0efS8uEoYo5q4Fx7dY9OgQGXgAsQA=="
		},
		"concat-map": {
			"version": "0.0.1",
			"resolved": "https://nexus.apps.seibert-media.net/nexus/repository/npm-public/concat-map/-/concat-map-0.0.1.tgz",
			"integrity": "sha1-2Klr13/Wjfd5OnMDajug1UBdR3s="
		},
		"core-js": {
			"version": "2.6.12",
			"resolved": "https://nexus.apps.seibert-media.net/nexus/repository/npm-public/core-js/-/core-js-2.6.12.tgz",
			"integrity": "sha512-Kb2wC0fvsWfQrgk8HU5lW6U/Lcs8+9aaYcy4ZFc6DDlo4nZ7n70dEgE5rtR0oG6ufKDUnrwfWL1mXR5ljDatrQ=="
		},
		"diff": {
			"version": "5.0.0",
			"resolved": "https://nexus.apps.seibert-media.net/nexus/repository/npm-public/diff/-/diff-5.0.0.tgz",
			"integrity": "sha512-/VTCrvm5Z0JGty/BWHljh+BAiw3IK+2j87NGMu8Nwc/f48WoDAC395uomO9ZD117ZOBaHmkX1oyLvkVM/aIT3w=="
		},
		"dir-compare": {
			"version": "3.1.5",
			"resolved": "https://nexus.apps.seibert-media.net/nexus/repository/npm-public/dir-compare/-/dir-compare-3.1.5.tgz",
			"integrity": "sha512-ZwSXfYyfOwFfWH+OqXipYg96ySD8fefeODblKbaJaT6IKsIl4eOqUvJUEjUEdFNoOvrhvV3iVEhtu65/v2wfRg==",
			"requires": {
				"buffer-equal": "^1.0.0",
				"minimatch": "^3.0.4"
			}
		},
		"escape-string-regexp": {
			"version": "1.0.5",
			"resolved": "https://nexus.apps.seibert-media.net/nexus/repository/npm-public/escape-string-regexp/-/escape-string-regexp-1.0.5.tgz",
			"integrity": "sha1-G2HAViGQqN/2rjuyzwIAyhMLhtQ="
		},
		"exit-hook": {
			"version": "1.1.1",
			"resolved": "https://nexus.apps.seibert-media.net/nexus/repository/npm-public/exit-hook/-/exit-hook-1.1.1.tgz",
			"integrity": "sha1-8FyiM7SMBdVP/wd2XfhQfpXAL/g="
		},
		"figures": {
			"version": "1.7.0",
			"resolved": "https://nexus.apps.seibert-media.net/nexus/repository/npm-public/figures/-/figures-1.7.0.tgz",
			"integrity": "sha1-y+Hjr/zxzUS4DK3+0o3Hk6lwHS4=",
			"requires": {
				"escape-string-regexp": "^1.0.5",
				"object-assign": "^4.1.0"
			}
		},
		"fs.realpath": {
			"version": "1.0.0",
			"resolved": "https://nexus.apps.seibert-media.net/nexus/repository/npm-public/fs.realpath/-/fs.realpath-1.0.0.tgz",
			"integrity": "sha1-FQStJSMVjKpA20onh8sBQRmU6k8="
		},
		"glob": {
			"version": "7.1.6",
			"resolved": "https://nexus.apps.seibert-media.net/nexus/repository/npm-public/glob/-/glob-7.1.6.tgz",
			"integrity": "sha512-LwaxwyZ72Lk7vZINtNNrywX0ZuLyStrdDtabefZKAY5ZGJhVtgdznluResxNmPitE0SAO+O26sWTHeKSI2wMBA==",
			"requires": {
				"fs.realpath": "^1.0.0",
				"inflight": "^1.0.4",
				"inherits": "2",
				"minimatch": "^3.0.4",
				"once": "^1.3.0",
				"path-is-absolute": "^1.0.0"
			}
		},
		"has-ansi": {
			"version": "2.0.0",
			"resolved": "https://nexus.apps.seibert-media.net/nexus/repository/npm-public/has-ansi/-/has-ansi-2.0.0.tgz",
			"integrity": "sha1-NPUEnOHs3ysGSa8+8k5F7TVBbZE=",
			"requires": {
				"ansi-regex": "^2.0.0"
			}
		},
		"has-flag": {
			"version": "4.0.0",
			"resolved": "https://nexus.apps.seibert-media.net/nexus/repository/npm-public/has-flag/-/has-flag-4.0.0.tgz",
			"integrity": "sha512-EykJT/Q1KjTWctppgIAgfSO0tKVuZUjhgMr17kqTumMl6Afv3EISleU7qZUzoXDFTAHTDC4NOoG/ZxU3EvlMPQ=="
		},
		"in-publish": {
			"version": "2.0.1",
			"resolved": "https://nexus.apps.seibert-media.net/nexus/repository/npm-public/in-publish/-/in-publish-2.0.1.tgz",
			"integrity": "sha512-oDM0kUSNFC31ShNxHKUyfZKy8ZeXZBWMjMdZHKLOk13uvT27VTL/QzRGfRUcevJhpkZAvlhPYuXkF7eNWrtyxQ=="
		},
		"inflight": {
			"version": "1.0.6",
			"resolved": "https://nexus.apps.seibert-media.net/nexus/repository/npm-public/inflight/-/inflight-1.0.6.tgz",
			"integrity": "sha1-Sb1jMdfQLQwJvJEKEHW6gWW1bfk=",
			"requires": {
				"once": "^1.3.0",
				"wrappy": "1"
			}
		},
		"inherits": {
			"version": "2.0.4",
			"resolved": "https://nexus.apps.seibert-media.net/nexus/repository/npm-public/inherits/-/inherits-2.0.4.tgz",
			"integrity": "sha512-k/vGaX4/Yla3WzyMCvTQOXYeIHvqOKtnqBduzTHpzpQZzAskKMhZ2K+EnBiSM9zGSoIFeMpXKxa4dYeZIQqewQ=="
		},
		"inquirer": {
			"version": "0.11.0",
			"resolved": "https://nexus.apps.seibert-media.net/nexus/repository/npm-public/inquirer/-/inquirer-0.11.0.tgz",
			"integrity": "sha1-dEi/qSQJKvMR1HFzu6uZDK4rsCc=",
			"requires": {
				"ansi-escapes": "^1.1.0",
				"ansi-regex": "^2.0.0",
				"chalk": "^1.0.0",
				"cli-cursor": "^1.0.1",
				"cli-width": "^1.0.1",
				"figures": "^1.3.5",
				"lodash": "^3.3.1",
				"readline2": "^1.0.1",
				"run-async": "^0.1.0",
				"rx-lite": "^3.1.2",
				"strip-ansi": "^3.0.0",
				"through": "^2.3.6"
			},
			"dependencies": {
				"ansi-styles": {
					"version": "2.2.1",
					"resolved": "https://nexus.apps.seibert-media.net/nexus/repository/npm-public/ansi-styles/-/ansi-styles-2.2.1.tgz",
					"integrity": "sha1-tDLdM1i2NM914eRmQ2gkBTPB3b4="
				},
				"chalk": {
					"version": "1.1.3",
					"resolved": "https://nexus.apps.seibert-media.net/nexus/repository/npm-public/chalk/-/chalk-1.1.3.tgz",
					"integrity": "sha1-qBFcVeSnAv5NFQq9OHKCKn4J/Jg=",
					"requires": {
						"ansi-styles": "^2.2.1",
						"escape-string-regexp": "^1.0.2",
						"has-ansi": "^2.0.0",
						"strip-ansi": "^3.0.0",
						"supports-color": "^2.0.0"
					}
				},
				"lodash": {
					"version": "3.10.1",
					"resolved": "https://nexus.apps.seibert-media.net/nexus/repository/npm-public/lodash/-/lodash-3.10.1.tgz",
					"integrity": "sha1-W/Rejkm6QYnhfUgnid/RW9FAt7Y="
				},
				"supports-color": {
					"version": "2.0.0",
					"resolved": "https://nexus.apps.seibert-media.net/nexus/repository/npm-public/supports-color/-/supports-color-2.0.0.tgz",
					"integrity": "sha1-U10EXOa2Nj+kARcIRimZXp3zJMc="
				}
			}
		},
		"is-fullwidth-code-point": {
			"version": "1.0.0",
			"resolved": "https://nexus.apps.seibert-media.net/nexus/repository/npm-public/is-fullwidth-code-point/-/is-fullwidth-code-point-1.0.0.tgz",
			"integrity": "sha1-754xOG8DGn8NZDr4L95QxFfvAMs=",
			"requires": {
				"number-is-nan": "^1.0.0"
			}
		},
		"lodash": {
			"version": "4.17.21",
			"resolved": "https://nexus.apps.seibert-media.net/nexus/repository/npm-public/lodash/-/lodash-4.17.21.tgz",
			"integrity": "sha512-v2kDEe57lecTulaDIuNTPy3Ry4gLGJ6Z1O3vE1krgXZNrsQ+LFTGHVxVjcXPs17LhbZVGedAJv8XZ1tvj5FvSg=="
		},
		"log-update": {
			"version": "1.0.2",
			"resolved": "https://nexus.apps.seibert-media.net/nexus/repository/npm-public/log-update/-/log-update-1.0.2.tgz",
			"integrity": "sha1-GZKfZMQJPS0ucHWh2tivWcKWuNE=",
			"requires": {
				"ansi-escapes": "^1.0.0",
				"cli-cursor": "^1.0.2"
			}
		},
		"minimatch": {
			"version": "3.0.4",
			"resolved": "https://nexus.apps.seibert-media.net/nexus/repository/npm-public/minimatch/-/minimatch-3.0.4.tgz",
			"integrity": "sha512-yJHVQEhyqPLUTgt9B83PXu6W3rx4MvvHvSUvToogpwoGDOUQ+yDrR0HRot+yOCdCO7u4hX3pWft6kWBBcqh0UA==",
			"requires": {
				"brace-expansion": "^1.1.7"
			}
		},
		"minimist": {
			"version": "1.2.5",
			"resolved": "https://nexus.apps.seibert-media.net/nexus/repository/npm-public/minimist/-/minimist-1.2.5.tgz",
			"integrity": "sha512-FM9nNUYrRBAELZQT3xeZQ7fmMOBg6nWNmJKTcgsJeaLstP/UODVpGsr5OhXhhXg6f+qtJ8uiZ+PUxkDWcgIXLw=="
		},
		"mute-stream": {
			"version": "0.0.5",
			"resolved": "https://nexus.apps.seibert-media.net/nexus/repository/npm-public/mute-stream/-/mute-stream-0.0.5.tgz",
			"integrity": "sha1-j7+rsKmKJT0xhDMfno3rc3L6xsA="
		},
		"node-localstorage": {
			"version": "0.6.0",
			"resolved": "https://nexus.apps.seibert-media.net/nexus/repository/npm-public/node-localstorage/-/node-localstorage-0.6.0.tgz",
			"integrity": "sha1-RaBgHGky395mRKIzYfG+Fzx1068="
		},
		"number-is-nan": {
			"version": "1.0.1",
			"resolved": "https://nexus.apps.seibert-media.net/nexus/repository/npm-public/number-is-nan/-/number-is-nan-1.0.1.tgz",
			"integrity": "sha1-CXtgK1NCKlIsGvuHkDGDNpQaAR0="
		},
		"object-assign": {
			"version": "4.1.1",
			"resolved": "https://nexus.apps.seibert-media.net/nexus/repository/npm-public/object-assign/-/object-assign-4.1.1.tgz",
			"integrity": "sha1-IQmtx5ZYh8/AXLvUQsrIv7s2CGM="
		},
		"once": {
			"version": "1.4.0",
			"resolved": "https://nexus.apps.seibert-media.net/nexus/repository/npm-public/once/-/once-1.4.0.tgz",
			"integrity": "sha1-WDsap3WWHUsROsF9nFC6753Xa9E=",
			"requires": {
				"wrappy": "1"
			}
		},
		"onetime": {
			"version": "1.1.0",
			"resolved": "https://nexus.apps.seibert-media.net/nexus/repository/npm-public/onetime/-/onetime-1.1.0.tgz",
			"integrity": "sha1-ofeDj4MUxRbwXs78vEzP4EtO14k="
		},
		"path-is-absolute": {
			"version": "1.0.1",
			"resolved": "https://nexus.apps.seibert-media.net/nexus/repository/npm-public/path-is-absolute/-/path-is-absolute-1.0.1.tgz",
			"integrity": "sha1-F0uSaHNVNP+8es5r9TpanhtcX18="
		},
		"readline2": {
			"version": "1.0.1",
			"resolved": "https://nexus.apps.seibert-media.net/nexus/repository/npm-public/readline2/-/readline2-1.0.1.tgz",
			"integrity": "sha1-QQWWCP/BVHV7cV2ZidGZ/783LjU=",
			"requires": {
				"code-point-at": "^1.0.0",
				"is-fullwidth-code-point": "^1.0.0",
				"mute-stream": "0.0.5"
			}
		},
		"regenerator-runtime": {
			"version": "0.10.5",
			"resolved": "https://nexus.apps.seibert-media.net/nexus/repository/npm-public/regenerator-runtime/-/regenerator-runtime-0.10.5.tgz",
			"integrity": "sha1-M2w+/BIgrc7dosn6tntaeVWjNlg="
		},
		"restore-cursor": {
			"version": "1.0.1",
			"resolved": "https://nexus.apps.seibert-media.net/nexus/repository/npm-public/restore-cursor/-/restore-cursor-1.0.1.tgz",
			"integrity": "sha1-NGYfRohjJ/7SmRR5FSJS35LapUE=",
			"requires": {
				"exit-hook": "^1.0.0",
				"onetime": "^1.0.0"
			}
		},
		"run-async": {
			"version": "0.1.0",
			"resolved": "https://nexus.apps.seibert-media.net/nexus/repository/npm-public/run-async/-/run-async-0.1.0.tgz",
			"integrity": "sha1-yK1KXhEGYeQCp9IbUw4AnyX444k=",
			"requires": {
				"once": "^1.3.0"
			}
		},
		"rx-lite": {
			"version": "3.1.2",
			"resolved": "https://nexus.apps.seibert-media.net/nexus/repository/npm-public/rx-lite/-/rx-lite-3.1.2.tgz",
			"integrity": "sha1-Gc5QLKVyZl87ZHsQk5+X/RYV8QI="
		},
		"string-width": {
			"version": "1.0.2",
			"resolved": "https://nexus.apps.seibert-media.net/nexus/repository/npm-public/string-width/-/string-width-1.0.2.tgz",
			"integrity": "sha1-EYvfW4zcUaKn5w0hHgfisLmxB9M=",
			"requires": {
				"code-point-at": "^1.0.0",
				"is-fullwidth-code-point": "^1.0.0",
				"strip-ansi": "^3.0.0"
			}
		},
		"strip-ansi": {
			"version": "3.0.1",
			"resolved": "https://nexus.apps.seibert-media.net/nexus/repository/npm-public/strip-ansi/-/strip-ansi-3.0.1.tgz",
			"integrity": "sha1-ajhfuIU9lS1f8F0Oiq+UJ43GPc8=",
			"requires": {
				"ansi-regex": "^2.0.0"
			}
		},
		"supports-color": {
			"version": "7.2.0",
			"resolved": "https://nexus.apps.seibert-media.net/nexus/repository/npm-public/supports-color/-/supports-color-7.2.0.tgz",
			"integrity": "sha512-qpCAvRl9stuOHveKsn7HncJRvv501qIacKzQlO/+Lwxc9+0q2wLyv4Dfvt80/DPn2pqOBsJdDiogXGR9+OvwRw==",
			"requires": {
				"has-flag": "^4.0.0"
			}
		},
		"through": {
			"version": "2.3.8",
			"resolved": "https://nexus.apps.seibert-media.net/nexus/repository/npm-public/through/-/through-2.3.8.tgz",
			"integrity": "sha1-DdTJ/6q8NXlgsbckEV1+Doai4fU="
		},
		"vorpal": {
			"version": "1.12.0",
			"resolved": "https://nexus.apps.seibert-media.net/nexus/repository/npm-public/vorpal/-/vorpal-1.12.0.tgz",
			"integrity": "sha1-S+eypOSPj8/JzzZIxBnTEcUiFZ0=",
			"requires": {
				"babel-polyfill": "^6.3.14",
				"chalk": "^1.1.0",
				"in-publish": "^2.0.0",
				"inquirer": "0.11.0",
				"lodash": "^4.5.1",
				"log-update": "^1.0.2",
				"minimist": "^1.2.0",
				"node-localstorage": "^0.6.0",
				"strip-ansi": "^3.0.0",
				"wrap-ansi": "^2.0.0"
			},
			"dependencies": {
				"ansi-styles": {
					"version": "2.2.1",
					"resolved": "https://nexus.apps.seibert-media.net/nexus/repository/npm-public/ansi-styles/-/ansi-styles-2.2.1.tgz",
					"integrity": "sha1-tDLdM1i2NM914eRmQ2gkBTPB3b4="
				},
				"chalk": {
					"version": "1.1.3",
					"resolved": "https://nexus.apps.seibert-media.net/nexus/repository/npm-public/chalk/-/chalk-1.1.3.tgz",
					"integrity": "sha1-qBFcVeSnAv5NFQq9OHKCKn4J/Jg=",
					"requires": {
						"ansi-styles": "^2.2.1",
						"escape-string-regexp": "^1.0.2",
						"has-ansi": "^2.0.0",
						"strip-ansi": "^3.0.0",
						"supports-color": "^2.0.0"
					}
				},
				"supports-color": {
					"version": "2.0.0",
					"resolved": "https://nexus.apps.seibert-media.net/nexus/repository/npm-public/supports-color/-/supports-color-2.0.0.tgz",
					"integrity": "sha1-U10EXOa2Nj+kARcIRimZXp3zJMc="
				}
			}
		},
		"wrap-ansi": {
			"version": "2.1.0",
			"resolved": "https://nexus.apps.seibert-media.net/nexus/repository/npm-public/wrap-ansi/-/wrap-ansi-2.1.0.tgz",
			"integrity": "sha1-2Pw9KE3QV5T+hJc8rs3Rz4JP3YU=",
			"requires": {
				"string-width": "^1.0.1",
				"strip-ansi": "^3.0.1"
			}
		},
		"wrappy": {
			"version": "1.0.2",
			"resolved": "https://nexus.apps.seibert-media.net/nexus/repository/npm-public/wrappy/-/wrappy-1.0.2.tgz",
			"integrity": "sha1-tSQ9jz7BqjXxNkYFvA0QNuMKtp8="
		}
	}
}
